
Microsoft Visual Studio Solution File, Format Version 12.00
# Visual Studio Express 2013 for Windows Desktop
VisualStudioVersion = 12.0.31101.0
MinimumVisualStudioVersion = 10.0.40219.1
Project("{8BC9CEB8-8B4A-11D0-8D11-00A0C91BC942}") = "dz22.1", "dz22.1\dz22.1.vcxproj", "{DAD98A2A-250A-4667-8E94-D2BE17683A57}"
EndProject
Global
	GlobalSection(SolutionConfigurationPlatforms) = preSolution
		Debug|Win32 = Debug|Win32
		Release|Win32 = Release|Win32
	EndGlobalSection
	GlobalSection(ProjectConfigurationPlatforms) = postSolution
		{DAD98A2A-250A-4667-8E94-D2BE17683A57}.Debug|Win32.ActiveCfg = Debug|Win32
		{DAD98A2A-250A-4667-8E94-D2BE17683A57}.Debug|Win32.Build.0 = Debug|Win32
		{DAD98A2A-250A-4667-8E94-D2BE17683A57}.Release|Win32.ActiveCfg = Release|Win32
		{DAD98A2A-250A-4667-8E94-D2BE17683A57}.Release|Win32.Build.0 = Release|Win32
	EndGlobalSection
	GlobalSection(SolutionProperties) = preSolution
		HideSolutionNode = FALSE
	EndGlobalSection
EndGlobal
